
Microsoft Visual Studio Solution File, Format Version 12.00
# Visual Studio Version 17
VisualStudioVersion = 17.14.36915.13 d17.14
MinimumVisualStudioVersion = 10.0.40219.1
Project("{F184B08F-C81C-45F6-A57F-5ABD9991F28F}") = "camocontrol", "camocontrol\camocontrol.vbproj", "{D497612B-B469-4B29-B4BD-EC9AF7FFB2C5}"
EndProject
Project("{FAE04EC0-301F-11D3-BF4B-00C04F79EFBC}") = "App.ApiClient.CS", "App.ApiClient.CS\App.ApiClient.CS.csproj", "{FE045115-6717-4D1C-9473-AB8539189774}"
EndProject
Global
	GlobalSection(SolutionConfigurationPlatforms) = preSolution
		Debug|Any CPU = Debug|Any CPU
		Debug|x64 = Debug|x64
		Debug|x86 = Debug|x86
		Release|Any CPU = Release|Any CPU
		Release|x64 = Release|x64
		Release|x86 = Release|x86
	EndGlobalSection
	GlobalSection(ProjectConfigurationPlatforms) = postSolution
		{D497612B-B469-4B29-B4BD-EC9AF7FFB2C5}.Debug|Any CPU.ActiveCfg = Debug|Any CPU
		{D497612B-B469-4B29-B4BD-EC9AF7FFB2C5}.Debug|Any CPU.Build.0 = Debug|Any CPU
		{D497612B-B469-4B29-B4BD-EC9AF7FFB2C5}.Debug|x64.ActiveCfg = Debug|x64
		{D497612B-B469-4B29-B4BD-EC9AF7FFB2C5}.Debug|x64.Build.0 = Debug|x64
		{D497612B-B469-4B29-B4BD-EC9AF7FFB2C5}.Debug|x86.ActiveCfg = Debug|x86
		{D497612B-B469-4B29-B4BD-EC9AF7FFB2C5}.Debug|x86.Build.0 = Debug|x86
		{D497612B-B469-4B29-B4BD-EC9AF7FFB2C5}.Release|Any CPU.ActiveCfg = Release|x86
		{D497612B-B469-4B29-B4BD-EC9AF7FFB2C5}.Release|Any CPU.Build.0 = Release|x86
		{D497612B-B469-4B29-B4BD-EC9AF7FFB2C5}.Release|x64.ActiveCfg = Release|x64
		{D497612B-B469-4B29-B4BD-EC9AF7FFB2C5}.Release|x64.Build.0 = Release|x64
		{D497612B-B469-4B29-B4BD-EC9AF7FFB2C5}.Release|x86.ActiveCfg = Release|x86
		{D497612B-B469-4B29-B4BD-EC9AF7FFB2C5}.Release|x86.Build.0 = Release|x86
		{FE045115-6717-4D1C-9473-AB8539189774}.Debug|Any CPU.ActiveCfg = Debug|Any CPU
		{FE045115-6717-4D1C-9473-AB8539189774}.Debug|Any CPU.Build.0 = Debug|Any CPU
		{FE045115-6717-4D1C-9473-AB8539189774}.Debug|x64.ActiveCfg = Debug|x64
		{FE045115-6717-4D1C-9473-AB8539189774}.Debug|x64.Build.0 = Debug|x64
		{FE045115-6717-4D1C-9473-AB8539189774}.Debug|x86.ActiveCfg = Debug|Any CPU
		{FE045115-6717-4D1C-9473-AB8539189774}.Debug|x86.Build.0 = Debug|Any CPU
		{FE045115-6717-4D1C-9473-AB8539189774}.Release|Any CPU.ActiveCfg = Release|Any CPU
		{FE045115-6717-4D1C-9473-AB8539189774}.Release|Any CPU.Build.0 = Release|Any CPU
		{FE045115-6717-4D1C-9473-AB8539189774}.Release|x64.ActiveCfg = Release|x64
		{FE045115-6717-4D1C-9473-AB8539189774}.Release|x64.Build.0 = Release|x64
		{FE045115-6717-4D1C-9473-AB8539189774}.Release|x86.ActiveCfg = Release|Any CPU
		{FE045115-6717-4D1C-9473-AB8539189774}.Release|x86.Build.0 = Release|Any CPU
	EndGlobalSection
	GlobalSection(SolutionProperties) = preSolution
		HideSolutionNode = FALSE
	EndGlobalSection
	GlobalSection(ExtensibilityGlobals) = postSolution
		SolutionGuid = {A0C037F6-E429-4886-A5EE-CA12F1857A5D}
	EndGlobalSection
EndGlobal
